
Microsoft Visual Studio Solution File, Format Version 12.00
# Visual Studio Version 16
VisualStudioVersion = 16.0.31829.152
MinimumVisualStudioVersion = 10.0.40219.1
Project("{FAE04EC0-301F-11D3-BF4B-00C04F79EFBC}") = "Task_4-1", "Task4-1\Task_4-1.csproj", "{837C2E7A-9577-4117-8E33-03108A0087EA}"
EndProject
Project("{FAE04EC0-301F-11D3-BF4B-00C04F79EFBC}") = "Task_4-2", "Task_4-2\Task_4-2.csproj", "{01064D4D-B7F4-40C9-862A-58EE358BD6ED}"
EndProject
Project("{FAE04EC0-301F-11D3-BF4B-00C04F79EFBC}") = "Task_4-3", "Task_4-3\Task_4-3.csproj", "{43C7B7EB-B843-4048-A9ED-77E9A307C19E}"
EndProject
Global
	GlobalSection(SolutionConfigurationPlatforms) = preSolution
		Debug|Any CPU = Debug|Any CPU
		Release|Any CPU = Release|Any CPU
	EndGlobalSection
	GlobalSection(ProjectConfigurationPlatforms) = postSolution
		{837C2E7A-9577-4117-8E33-03108A0087EA}.Debug|Any CPU.ActiveCfg = Debug|Any CPU
		{837C2E7A-9577-4117-8E33-03108A0087EA}.Debug|Any CPU.Build.0 = Debug|Any CPU
		{837C2E7A-9577-4117-8E33-03108A0087EA}.Release|Any CPU.ActiveCfg = Release|Any CPU
		{837C2E7A-9577-4117-8E33-03108A0087EA}.Release|Any CPU.Build.0 = Release|Any CPU
		{01064D4D-B7F4-40C9-862A-58EE358BD6ED}.Debug|Any CPU.ActiveCfg = Debug|Any CPU
		{01064D4D-B7F4-40C9-862A-58EE358BD6ED}.Debug|Any CPU.Build.0 = Debug|Any CPU
		{01064D4D-B7F4-40C9-862A-58EE358BD6ED}.Release|Any CPU.ActiveCfg = Release|Any CPU
		{01064D4D-B7F4-40C9-862A-58EE358BD6ED}.Release|Any CPU.Build.0 = Release|Any CPU
		{43C7B7EB-B843-4048-A9ED-77E9A307C19E}.Debug|Any CPU.ActiveCfg = Debug|Any CPU
		{43C7B7EB-B843-4048-A9ED-77E9A307C19E}.Debug|Any CPU.Build.0 = Debug|Any CPU
		{43C7B7EB-B843-4048-A9ED-77E9A307C19E}.Release|Any CPU.ActiveCfg = Release|Any CPU
		{43C7B7EB-B843-4048-A9ED-77E9A307C19E}.Release|Any CPU.Build.0 = Release|Any CPU
	EndGlobalSection
	GlobalSection(SolutionProperties) = preSolution
		HideSolutionNode = FALSE
	EndGlobalSection
	GlobalSection(ExtensibilityGlobals) = postSolution
		SolutionGuid = {D268A03A-9C20-4000-A961-304C97941AD2}
	EndGlobalSection
EndGlobal
